
Microsoft Visual Studio Solution File, Format Version 12.00
Project("{FAE04EC0-301F-11D3-BF4B-00C04F79EFBC}") = "KacakAra", "KacakAra\KacakAra.csproj", "{190BF004-13C2-4D9D-89C4-26DF83B01FBB}"
EndProject
Global
	GlobalSection(SolutionConfigurationPlatforms) = preSolution
		Debug|Any CPU = Debug|Any CPU
		Release|Any CPU = Release|Any CPU
	EndGlobalSection
	GlobalSection(ProjectConfigurationPlatforms) = postSolution
		{190BF004-13C2-4D9D-89C4-26DF83B01FBB}.Debug|Any CPU.ActiveCfg = Debug|Any CPU
		{190BF004-13C2-4D9D-89C4-26DF83B01FBB}.Debug|Any CPU.Build.0 = Debug|Any CPU
		{190BF004-13C2-4D9D-89C4-26DF83B01FBB}.Release|Any CPU.ActiveCfg = Release|Any CPU
		{190BF004-13C2-4D9D-89C4-26DF83B01FBB}.Release|Any CPU.Build.0 = Release|Any CPU
	EndGlobalSection
EndGlobal
